
Microsoft Visual Studio Solution File, Format Version 12.00
# Visual Studio 15
VisualStudioVersion = 15.0.28010.2003
MinimumVisualStudioVersion = 10.0.40219.1
Project("{8BC9CEB8-8B4A-11D0-8D11-00A0C91BC942}") = "09 Assignment", "09 Assignment\09 Assignment.vcxproj", "{FDB10B3D-B6BC-4A64-979F-108BF6E0028C}"
EndProject
Global
	GlobalSection(SolutionConfigurationPlatforms) = preSolution
		Debug|x64 = Debug|x64
		Debug|x86 = Debug|x86
		Release|x64 = Release|x64
		Release|x86 = Release|x86
	EndGlobalSection
	GlobalSection(ProjectConfigurationPlatforms) = postSolution
		{FDB10B3D-B6BC-4A64-979F-108BF6E0028C}.Debug|x64.ActiveCfg = Debug|x64
		{FDB10B3D-B6BC-4A64-979F-108BF6E0028C}.Debug|x64.Build.0 = Debug|x64
		{FDB10B3D-B6BC-4A64-979F-108BF6E0028C}.Debug|x86.ActiveCfg = Debug|Win32
		{FDB10B3D-B6BC-4A64-979F-108BF6E0028C}.Debug|x86.Build.0 = Debug|Win32
		{FDB10B3D-B6BC-4A64-979F-108BF6E0028C}.Release|x64.ActiveCfg = Release|x64
		{FDB10B3D-B6BC-4A64-979F-108BF6E0028C}.Release|x64.Build.0 = Release|x64
		{FDB10B3D-B6BC-4A64-979F-108BF6E0028C}.Release|x86.ActiveCfg = Release|Win32
		{FDB10B3D-B6BC-4A64-979F-108BF6E0028C}.Release|x86.Build.0 = Release|Win32
	EndGlobalSection
	GlobalSection(SolutionProperties) = preSolution
		HideSolutionNode = FALSE
	EndGlobalSection
	GlobalSection(ExtensibilityGlobals) = postSolution
		SolutionGuid = {E52E1D2C-7B91-4402-A359-55E4F02B3C8E}
	EndGlobalSection
EndGlobal
